// !$*UTF8*$!
{
	archiveVersion = 1;
	classes = {
	};
	objectVersion = 55;
	objects = {

/* Begin PBXBuildFile section */
		C69912E72A8DF0B50090E789 /* Constants.swift in Sources */ = {isa = PBXBuildFile; fileRef = C69912E62A8DF0B50090E789 /* Constants.swift */; };
		C69912E92A8DF1850090E789 /* HomeTabBarController.swift in Sources */ = {isa = PBXBuildFile; fileRef = C69912E82A8DF1850090E789 /* HomeTabBarController.swift */; };
		C69912ED2A8DF2620090E789 /* TouristViewController.swift in Sources */ = {isa = PBXBuildFile; fileRef = C69912EC2A8DF2620090E789 /* TouristViewController.swift */; };
		C69912EF2A8DF2750090E789 /* ViewTouristViewController.swift in Sources */ = {isa = PBXBuildFile; fileRef = C69912EE2A8DF2750090E789 /* ViewTouristViewController.swift */; };
		C69912F12A8DFCB30090E789 /* NewsModel.swift in Sources */ = {isa = PBXBuildFile; fileRef = C69912F02A8DFCB30090E789 /* NewsModel.swift */; };
		C69912F42A8E0A030090E789 /* TouristModel.swift in Sources */ = {isa = PBXBuildFile; fileRef = C69912F32A8E0A030090E789 /* TouristModel.swift */; };
		C69912F62A8E2D450090E789 /* NewsViewModel.swift in Sources */ = {isa = PBXBuildFile; fileRef = C69912F52A8E2D450090E789 /* NewsViewModel.swift */; };
		C69912F82A8E2D5C0090E789 /* TouristViewModel.swift in Sources */ = {isa = PBXBuildFile; fileRef = C69912F72A8E2D5B0090E789 /* TouristViewModel.swift */; };
		C69912FA2A8E2F3B0090E789 /* EnumsC.swift in Sources */ = {isa = PBXBuildFile; fileRef = C69912F92A8E2F3B0090E789 /* EnumsC.swift */; };
		C69912FC2A8E3C7B0090E789 /* NewsCell.swift in Sources */ = {isa = PBXBuildFile; fileRef = C69912FB2A8E3C7B0090E789 /* NewsCell.swift */; };
		C69913002A8E3F770090E789 /* TouristCell.swift in Sources */ = {isa = PBXBuildFile; fileRef = C69912FF2A8E3F770090E789 /* TouristCell.swift */; };
		C69913022A8E40C80090E789 /* Cells.swift in Sources */ = {isa = PBXBuildFile; fileRef = C69913012A8E40C80090E789 /* Cells.swift */; };
		C699130B2A8EB7970090E789 /* MyData.xcdatamodeld in Sources */ = {isa = PBXBuildFile; fileRef = C69913092A8EB7970090E789 /* MyData.xcdatamodeld */; };
		C69913112A8F6CCF0090E789 /* ImageDownloader.swift in Sources */ = {isa = PBXBuildFile; fileRef = C69913102A8F6CCF0090E789 /* ImageDownloader.swift */; };
		C69913132A8F6FC70090E789 /* NewsFeedsViewController.swift in Sources */ = {isa = PBXBuildFile; fileRef = C69913122A8F6FC70090E789 /* NewsFeedsViewController.swift */; };
		C69913152A8F85B90090E789 /* EmptyTableView.swift in Sources */ = {isa = PBXBuildFile; fileRef = C69913142A8F85B90090E789 /* EmptyTableView.swift */; };
		C69913172A8FEA350090E789 /* ImageLoader.swift in Sources */ = {isa = PBXBuildFile; fileRef = C69913162A8FEA350090E789 /* ImageLoader.swift */; };
		C6E3106B2A8D4AE200943AA5 /* AppDelegate.swift in Sources */ = {isa = PBXBuildFile; fileRef = C6E3106A2A8D4AE200943AA5 /* AppDelegate.swift */; };
		C6E3106D2A8D4AE200943AA5 /* SceneDelegate.swift in Sources */ = {isa = PBXBuildFile; fileRef = C6E3106C2A8D4AE200943AA5 /* SceneDelegate.swift */; };
		C6E310742A8D4AE600943AA5 /* Assets.xcassets in Resources */ = {isa = PBXBuildFile; fileRef = C6E310732A8D4AE600943AA5 /* Assets.xcassets */; };
		C6E310772A8D4AE600943AA5 /* LaunchScreen.storyboard in Resources */ = {isa = PBXBuildFile; fileRef = C6E310752A8D4AE600943AA5 /* LaunchScreen.storyboard */; };
		C6E310822A8D4AE600943AA5 /* TouristNewsAppTests.swift in Sources */ = {isa = PBXBuildFile; fileRef = C6E310812A8D4AE600943AA5 /* TouristNewsAppTests.swift */; };
		C6E3108C2A8D4AE600943AA5 /* TouristNewsAppUITests.swift in Sources */ = {isa = PBXBuildFile; fileRef = C6E3108B2A8D4AE600943AA5 /* TouristNewsAppUITests.swift */; };
		C6E3108E2A8D4AE600943AA5 /* TouristNewsAppUITestsLaunchTests.swift in Sources */ = {isa = PBXBuildFile; fileRef = C6E3108D2A8D4AE600943AA5 /* TouristNewsAppUITestsLaunchTests.swift */; };
/* End PBXBuildFile section */

/* Begin PBXContainerItemProxy section */
		C6E3107E2A8D4AE600943AA5 /* PBXContainerItemProxy */ = {
			isa = PBXContainerItemProxy;
			containerPortal = C6E3105F2A8D4AE200943AA5 /* Project object */;
			proxyType = 1;
			remoteGlobalIDString = C6E310662A8D4AE200943AA5;
			remoteInfo = TouristNewsApp;
		};
		C6E310882A8D4AE600943AA5 /* PBXContainerItemProxy */ = {
			isa = PBXContainerItemProxy;
			containerPortal = C6E3105F2A8D4AE200943AA5 /* Project object */;
			proxyType = 1;
			remoteGlobalIDString = C6E310662A8D4AE200943AA5;
			remoteInfo = TouristNewsApp;
		};
/* End PBXContainerItemProxy section */

/* Begin PBXFileReference section */
		C69912E62A8DF0B50090E789 /* Constants.swift */ = {isa = PBXFileReference; lastKnownFileType = sourcecode.swift; path = Constants.swift; sourceTree = "<group>"; };
		C69912E82A8DF1850090E789 /* HomeTabBarController.swift */ = {isa = PBXFileReference; lastKnownFileType = sourcecode.swift; path = HomeTabBarController.swift; sourceTree = "<group>"; };
		C69912EC2A8DF2620090E789 /* TouristViewController.swift */ = {isa = PBXFileReference; lastKnownFileType = sourcecode.swift; path = TouristViewController.swift; sourceTree = "<group>"; };
		C69912EE2A8DF2750090E789 /* ViewTouristViewController.swift */ = {isa = PBXFileReference; lastKnownFileType = sourcecode.swift; path = ViewTouristViewController.swift; sourceTree = "<group>"; };
		C69912F02A8DFCB30090E789 /* NewsModel.swift */ = {isa = PBXFileReference; lastKnownFileType = sourcecode.swift; path = NewsModel.swift; sourceTree = "<group>"; };
		C69912F32A8E0A030090E789 /* TouristModel.swift */ = {isa = PBXFileReference; lastKnownFileType = sourcecode.swift; path = TouristModel.swift; sourceTree = "<group>"; };
		C69912F52A8E2D450090E789 /* NewsViewModel.swift */ = {isa = PBXFileReference; lastKnownFileType = sourcecode.swift; path = NewsViewModel.swift; sourceTree = "<group>"; };
		C69912F72A8E2D5B0090E789 /* TouristViewModel.swift */ = {isa = PBXFileReference; lastKnownFileType = sourcecode.swift; path = TouristViewModel.swift; sourceTree = "<group>"; };
		C69912F92A8E2F3B0090E789 /* EnumsC.swift */ = {isa = PBXFileReference; lastKnownFileType = sourcecode.swift; path = EnumsC.swift; sourceTree = "<group>"; };
		C69912FB2A8E3C7B0090E789 /* NewsCell.swift */ = {isa = PBXFileReference; lastKnownFileType = sourcecode.swift; path = NewsCell.swift; sourceTree = "<group>"; };
		C69912FF2A8E3F770090E789 /* TouristCell.swift */ = {isa = PBXFileReference; lastKnownFileType = sourcecode.swift; path = TouristCell.swift; sourceTree = "<group>"; };
		C69913012A8E40C80090E789 /* Cells.swift */ = {isa = PBXFileReference; lastKnownFileType = sourcecode.swift; path = Cells.swift; sourceTree = "<group>"; };
		C699130A2A8EB7970090E789 /* MyData.xcdatamodel */ = {isa = PBXFileReference; lastKnownFileType = wrapper.xcdatamodel; path = MyData.xcdatamodel; sourceTree = "<group>"; };
		C69913102A8F6CCF0090E789 /* ImageDownloader.swift */ = {isa = PBXFileReference; lastKnownFileType = sourcecode.swift; path = ImageDownloader.swift; sourceTree = "<group>"; };
		C69913122A8F6FC70090E789 /* NewsFeedsViewController.swift */ = {isa = PBXFileReference; lastKnownFileType = sourcecode.swift; path = NewsFeedsViewController.swift; sourceTree = "<group>"; };
		C69913142A8F85B90090E789 /* EmptyTableView.swift */ = {isa = PBXFileReference; lastKnownFileType = sourcecode.swift; path = EmptyTableView.swift; sourceTree = "<group>"; };
		C69913162A8FEA350090E789 /* ImageLoader.swift */ = {isa = PBXFileReference; fileEncoding = 4; lastKnownFileType = sourcecode.swift; name = ImageLoader.swift; path = ../../../../../Downloads/ImageLoader.swift; sourceTree = "<group>"; };
		C6E310672A8D4AE200943AA5 /* TouristNewsApp.app */ = {isa = PBXFileReference; explicitFileType = wrapper.application; includeInIndex = 0; path = TouristNewsApp.app; sourceTree = BUILT_PRODUCTS_DIR; };
		C6E3106A2A8D4AE200943AA5 /* AppDelegate.swift */ = {isa = PBXFileReference; lastKnownFileType = sourcecode.swift; path = AppDelegate.swift; sourceTree = "<group>"; };
		C6E3106C2A8D4AE200943AA5 /* SceneDelegate.swift */ = {isa = PBXFileReference; lastKnownFileType = sourcecode.swift; path = SceneDelegate.swift; sourceTree = "<group>"; };
		C6E310732A8D4AE600943AA5 /* Assets.xcassets */ = {isa = PBXFileReference; lastKnownFileType = folder.assetcatalog; path = Assets.xcassets; sourceTree = "<group>"; };
		C6E310762A8D4AE600943AA5 /* Base */ = {isa = PBXFileReference; lastKnownFileType = file.storyboard; name = Base; path = Base.lproj/LaunchScreen.storyboard; sourceTree = "<group>"; };
		C6E310782A8D4AE600943AA5 /* Info.plist */ = {isa = PBXFileReference; lastKnownFileType = text.plist.xml; path = Info.plist; sourceTree = "<group>"; };
		C6E3107D2A8D4AE600943AA5 /* TouristNewsAppTests.xctest */ = {isa = PBXFileReference; explicitFileType = wrapper.cfbundle; includeInIndex = 0; path = TouristNewsAppTests.xctest; sourceTree = BUILT_PRODUCTS_DIR; };
		C6E310812A8D4AE600943AA5 /* TouristNewsAppTests.swift */ = {isa = PBXFileReference; lastKnownFileType = sourcecode.swift; path = TouristNewsAppTests.swift; sourceTree = "<group>"; };
		C6E310872A8D4AE600943AA5 /* TouristNewsAppUITests.xctest */ = {isa = PBXFileReference; explicitFileType = wrapper.cfbundle; includeInIndex = 0; path = TouristNewsAppUITests.xctest; sourceTree = BUILT_PRODUCTS_DIR; };
		C6E3108B2A8D4AE600943AA5 /* TouristNewsAppUITests.swift */ = {isa = PBXFileReference; lastKnownFileType = sourcecode.swift; path = TouristNewsAppUITests.swift; sourceTree = "<group>"; };
		C6E3108D2A8D4AE600943AA5 /* TouristNewsAppUITestsLaunchTests.swift */ = {isa = PBXFileReference; lastKnownFileType = sourcecode.swift; path = TouristNewsAppUITestsLaunchTests.swift; sourceTree = "<group>"; };
/* End PBXFileReference section */

/* Begin PBXFrameworksBuildPhase section */
		C6E310642A8D4AE200943AA5 /* Frameworks */ = {
			isa = PBXFrameworksBuildPhase;
			buildActionMask = 2147483647;
			files = (
			);
			runOnlyForDeploymentPostprocessing = 0;
		};
		C6E3107A2A8D4AE600943AA5 /* Frameworks */ = {
			isa = PBXFrameworksBuildPhase;
			buildActionMask = 2147483647;
			files = (
			);
			runOnlyForDeploymentPostprocessing = 0;
		};
		C6E310842A8D4AE600943AA5 /* Frameworks */ = {
			isa = PBXFrameworksBuildPhase;
			buildActionMask = 2147483647;
			files = (
			);
			runOnlyForDeploymentPostprocessing = 0;
		};
/* End PBXFrameworksBuildPhase section */

/* Begin PBXGroup section */
		C69912E22A8DF05D0090E789 /* Views */ = {
			isa = PBXGroup;
			children = (
				C69913162A8FEA350090E789 /* ImageLoader.swift */,
				C69912FB2A8E3C7B0090E789 /* NewsCell.swift */,
				C69912FF2A8E3F770090E789 /* TouristCell.swift */,
				C69913142A8F85B90090E789 /* EmptyTableView.swift */,
			);
			path = Views;
			sourceTree = "<group>";
		};
		C69912E32A8DF06C0090E789 /* Models */ = {
			isa = PBXGroup;
			children = (
				C69912F02A8DFCB30090E789 /* NewsModel.swift */,
				C69912F32A8E0A030090E789 /* TouristModel.swift */,
			);
			path = Models;
			sourceTree = "<group>";
		};
		C69912E42A8DF0730090E789 /* ViewModels */ = {
			isa = PBXGroup;
			children = (
				C69912F52A8E2D450090E789 /* NewsViewModel.swift */,
				C69912F72A8E2D5B0090E789 /* TouristViewModel.swift */,
			);
			path = ViewModels;
			sourceTree = "<group>";
		};
		C69912E52A8DF07C0090E789 /* Utilities */ = {
			isa = PBXGroup;
			children = (
				C69912E62A8DF0B50090E789 /* Constants.swift */,
				C69912F92A8E2F3B0090E789 /* EnumsC.swift */,
				C69913012A8E40C80090E789 /* Cells.swift */,
				C69913102A8F6CCF0090E789 /* ImageDownloader.swift */,
			);
			path = Utilities;
			sourceTree = "<group>";
		};
		C69912F22A8E076C0090E789 /* Controllers */ = {
			isa = PBXGroup;
			children = (
				C69912EC2A8DF2620090E789 /* TouristViewController.swift */,
				C69913122A8F6FC70090E789 /* NewsFeedsViewController.swift */,
				C69912EE2A8DF2750090E789 /* ViewTouristViewController.swift */,
			);
			path = Controllers;
			sourceTree = "<group>";
		};
		C69913052A8E9CF90090E789 /* LocalDB */ = {
			isa = PBXGroup;
			children = (
				C69913092A8EB7970090E789 /* MyData.xcdatamodeld */,
			);
			path = LocalDB;
			sourceTree = "<group>";
		};
		C6E3105E2A8D4AE200943AA5 = {
			isa = PBXGroup;
			children = (
				C6E310692A8D4AE200943AA5 /* TouristNewsApp */,
				C6E310802A8D4AE600943AA5 /* TouristNewsAppTests */,
				C6E3108A2A8D4AE600943AA5 /* TouristNewsAppUITests */,
				C6E310682A8D4AE200943AA5 /* Products */,
			);
			sourceTree = "<group>";
		};
		C6E310682A8D4AE200943AA5 /* Products */ = {
			isa = PBXGroup;
			children = (
				C6E310672A8D4AE200943AA5 /* TouristNewsApp.app */,
				C6E3107D2A8D4AE600943AA5 /* TouristNewsAppTests.xctest */,
				C6E310872A8D4AE600943AA5 /* TouristNewsAppUITests.xctest */,
			);
			name = Products;
			sourceTree = "<group>";
		};
		C6E310692A8D4AE200943AA5 /* TouristNewsApp */ = {
			isa = PBXGroup;
			children = (
				C69913052A8E9CF90090E789 /* LocalDB */,
				C69912F22A8E076C0090E789 /* Controllers */,
				C69912E52A8DF07C0090E789 /* Utilities */,
				C69912E42A8DF0730090E789 /* ViewModels */,
				C69912E32A8DF06C0090E789 /* Models */,
				C69912E22A8DF05D0090E789 /* Views */,
				C6E3106A2A8D4AE200943AA5 /* AppDelegate.swift */,
				C6E3106C2A8D4AE200943AA5 /* SceneDelegate.swift */,
				C6E310732A8D4AE600943AA5 /* Assets.xcassets */,
				C6E310752A8D4AE600943AA5 /* LaunchScreen.storyboard */,
				C6E310782A8D4AE600943AA5 /* Info.plist */,
				C69912E82A8DF1850090E789 /* HomeTabBarController.swift */,
			);
			path = TouristNewsApp;
			sourceTree = "<group>";
		};
		C6E310802A8D4AE600943AA5 /* TouristNewsAppTests */ = {
			isa = PBXGroup;
			children = (
				C6E310812A8D4AE600943AA5 /* TouristNewsAppTests.swift */,
			);
			path = TouristNewsAppTests;
			sourceTree = "<group>";
		};
		C6E3108A2A8D4AE600943AA5 /* TouristNewsAppUITests */ = {
			isa = PBXGroup;
			children = (
				C6E3108B2A8D4AE600943AA5 /* TouristNewsAppUITests.swift */,
				C6E3108D2A8D4AE600943AA5 /* TouristNewsAppUITestsLaunchTests.swift */,
			);
			path = TouristNewsAppUITests;
			sourceTree = "<group>";
		};
/* End PBXGroup section */

/* Begin PBXNativeTarget section */
		C6E310662A8D4AE200943AA5 /* TouristNewsApp */ = {
			isa = PBXNativeTarget;
			buildConfigurationList = C6E310912A8D4AE600943AA5 /* Build configuration list for PBXNativeTarget "TouristNewsApp" */;
			buildPhases = (
				C6E310632A8D4AE200943AA5 /* Sources */,
				C6E310642A8D4AE200943AA5 /* Frameworks */,
				C6E310652A8D4AE200943AA5 /* Resources */,
			);
			buildRules = (
			);
			dependencies = (
			);
			name = TouristNewsApp;
			productName = TouristNewsApp;
			productReference = C6E310672A8D4AE200943AA5 /* TouristNewsApp.app */;
			productType = "com.apple.product-type.application";
		};
		C6E3107C2A8D4AE600943AA5 /* TouristNewsAppTests */ = {
			isa = PBXNativeTarget;
			buildConfigurationList = C6E310942A8D4AE600943AA5 /* Build configuration list for PBXNativeTarget "TouristNewsAppTests" */;
			buildPhases = (
				C6E310792A8D4AE600943AA5 /* Sources */,
				C6E3107A2A8D4AE600943AA5 /* Frameworks */,
				C6E3107B2A8D4AE600943AA5 /* Resources */,
			);
			buildRules = (
			);
			dependencies = (
				C6E3107F2A8D4AE600943AA5 /* PBXTargetDependency */,
			);
			name = TouristNewsAppTests;
			productName = TouristNewsAppTests;
			productReference = C6E3107D2A8D4AE600943AA5 /* TouristNewsAppTests.xctest */;
			productType = "com.apple.product-type.bundle.unit-test";
		};
		C6E310862A8D4AE600943AA5 /* TouristNewsAppUITests */ = {
			isa = PBXNativeTarget;
			buildConfigurationList = C6E310972A8D4AE600943AA5 /* Build configuration list for PBXNativeTarget "TouristNewsAppUITests" */;
			buildPhases = (
				C6E310832A8D4AE600943AA5 /* Sources */,
				C6E310842A8D4AE600943AA5 /* Frameworks */,
				C6E310852A8D4AE600943AA5 /* Resources */,
			);
			buildRules = (
			);
			dependencies = (
				C6E310892A8D4AE600943AA5 /* PBXTargetDependency */,
			);
			name = TouristNewsAppUITests;
			productName = TouristNewsAppUITests;
			productReference = C6E310872A8D4AE600943AA5 /* TouristNewsAppUITests.xctest */;
			productType = "com.apple.product-type.bundle.ui-testing";
		};
/* End PBXNativeTarget section */

/* Begin PBXProject section */
		C6E3105F2A8D4AE200943AA5 /* Project object */ = {
			isa = PBXProject;
			attributes = {
				BuildIndependentTargetsInParallel = 1;
				LastSwiftUpdateCheck = 1340;
				LastUpgradeCheck = 1340;
				TargetAttributes = {
					C6E310662A8D4AE200943AA5 = {
						CreatedOnToolsVersion = 13.4.1;
					};
					C6E3107C2A8D4AE600943AA5 = {
						CreatedOnToolsVersion = 13.4.1;
						TestTargetID = C6E310662A8D4AE200943AA5;
					};
					C6E310862A8D4AE600943AA5 = {
						CreatedOnToolsVersion = 13.4.1;
						TestTargetID = C6E310662A8D4AE200943AA5;
					};
				};
			};
			buildConfigurationList = C6E310622A8D4AE200943AA5 /* Build configuration list for PBXProject "TouristNewsApp" */;
			compatibilityVersion = "Xcode 13.0";
			developmentRegion = en;
			hasScannedForEncodings = 0;
			knownRegions = (
				en,
				Base,
			);
			mainGroup = C6E3105E2A8D4AE200943AA5;
			productRefGroup = C6E310682A8D4AE200943AA5 /* Products */;
			projectDirPath = "";
			projectRoot = "";
			targets = (
				C6E310662A8D4AE200943AA5 /* TouristNewsApp */,
				C6E3107C2A8D4AE600943AA5 /* TouristNewsAppTests */,
				C6E310862A8D4AE600943AA5 /* TouristNewsAppUITests */,
			);
		};
/* End PBXProject section */

/* Begin PBXResourcesBuildPhase section */
		C6E310652A8D4AE200943AA5 /* Resources */ = {
			isa = PBXResourcesBuildPhase;
			buildActionMask = 2147483647;
			files = (
				C6E310772A8D4AE600943AA5 /* LaunchScreen.storyboard in Resources */,
				C6E310742A8D4AE600943AA5 /* Assets.xcassets in Resources */,
			);
			runOnlyForDeploymentPostprocessing = 0;
		};
		C6E3107B2A8D4AE600943AA5 /* Resources */ = {
			isa = PBXResourcesBuildPhase;
			buildActionMask = 2147483647;
			files = (
			);
			runOnlyForDeploymentPostprocessing = 0;
		};
		C6E310852A8D4AE600943AA5 /* Resources */ = {
			isa = PBXResourcesBuildPhase;
			buildActionMask = 2147483647;
			files = (
			);
			runOnlyForDeploymentPostprocessing = 0;
		};
/* End PBXResourcesBuildPhase section */

/* Begin PBXSourcesBuildPhase section */
		C6E310632A8D4AE200943AA5 /* Sources */ = {
			isa = PBXSourcesBuildPhase;
			buildActionMask = 2147483647;
			files = (
				C69912F42A8E0A030090E789 /* TouristModel.swift in Sources */,
				C69913152A8F85B90090E789 /* EmptyTableView.swift in Sources */,
				C69912FA2A8E2F3B0090E789 /* EnumsC.swift in Sources */,
				C69912ED2A8DF2620090E789 /* TouristViewController.swift in Sources */,
				C69912F82A8E2D5C0090E789 /* TouristViewModel.swift in Sources */,
				C6E3106B2A8D4AE200943AA5 /* AppDelegate.swift in Sources */,
				C69913002A8E3F770090E789 /* TouristCell.swift in Sources */,
				C69912F12A8DFCB30090E789 /* NewsModel.swift in Sources */,
				C6E3106D2A8D4AE200943AA5 /* SceneDelegate.swift in Sources */,
				C69913172A8FEA350090E789 /* ImageLoader.swift in Sources */,
				C699130B2A8EB7970090E789 /* MyData.xcdatamodeld in Sources */,
				C69913022A8E40C80090E789 /* Cells.swift in Sources */,
				C69912F62A8E2D450090E789 /* NewsViewModel.swift in Sources */,
				C69912FC2A8E3C7B0090E789 /* NewsCell.swift in Sources */,
				C69912E72A8DF0B50090E789 /* Constants.swift in Sources */,
				C69913132A8F6FC70090E789 /* NewsFeedsViewController.swift in Sources */,
				C69912EF2A8DF2750090E789 /* ViewTouristViewController.swift in Sources */,
				C69913112A8F6CCF0090E789 /* ImageDownloader.swift in Sources */,
				C69912E92A8DF1850090E789 /* HomeTabBarController.swift in Sources */,
			);
			runOnlyForDeploymentPostprocessing = 0;
		};
		C6E310792A8D4AE600943AA5 /* Sources */ = {
			isa = PBXSourcesBuildPhase;
			buildActionMask = 2147483647;
			files = (
				C6E310822A8D4AE600943AA5 /* TouristNewsAppTests.swift in Sources */,
			);
			runOnlyForDeploymentPostprocessing = 0;
		};
		C6E310832A8D4AE600943AA5 /* Sources */ = {
			isa = PBXSourcesBuildPhase;
			buildActionMask = 2147483647;
			files = (
				C6E3108E2A8D4AE600943AA5 /* TouristNewsAppUITestsLaunchTests.swift in Sources */,
				C6E3108C2A8D4AE600943AA5 /* TouristNewsAppUITests.swift in Sources */,
			);
			runOnlyForDeploymentPostprocessing = 0;
		};
/* End PBXSourcesBuildPhase section */

/* Begin PBXTargetDependency section */
		C6E3107F2A8D4AE600943AA5 /* PBXTargetDependency */ = {
			isa = PBXTargetDependency;
			target = C6E310662A8D4AE200943AA5 /* TouristNewsApp */;
			targetProxy = C6E3107E2A8D4AE600943AA5 /* PBXContainerItemProxy */;
		};
		C6E310892A8D4AE600943AA5 /* PBXTargetDependency */ = {
			isa = PBXTargetDependency;
			target = C6E310662A8D4AE200943AA5 /* TouristNewsApp */;
			targetProxy = C6E310882A8D4AE600943AA5 /* PBXContainerItemProxy */;
		};
/* End PBXTargetDependency section */

/* Begin PBXVariantGroup section */
		C6E310752A8D4AE600943AA5 /* LaunchScreen.storyboard */ = {
			isa = PBXVariantGroup;
			children = (
				C6E310762A8D4AE600943AA5 /* Base */,
			);
			name = LaunchScreen.storyboard;
			sourceTree = "<group>";
		};
/* End PBXVariantGroup section */

/* Begin XCBuildConfiguration section */
		C6E3108F2A8D4AE600943AA5 /* Debug */ = {
			isa = XCBuildConfiguration;
			buildSettings = {
				ALWAYS_SEARCH_USER_PATHS = NO;
				CLANG_ANALYZER_NONNULL = YES;
				CLANG_ANALYZER_NUMBER_OBJECT_CONVERSION = YES_AGGRESSIVE;
				CLANG_CXX_LANGUAGE_STANDARD = "gnu++17";
				CLANG_ENABLE_MODULES = YES;
				CLANG_ENABLE_OBJC_ARC = YES;
				CLANG_ENABLE_OBJC_WEAK = YES;
				CLANG_WARN_BLOCK_CAPTURE_AUTORELEASING = YES;
				CLANG_WARN_BOOL_CONVERSION = YES;
				CLANG_WARN_COMMA = YES;
				CLANG_WARN_CONSTANT_CONVERSION = YES;
				CLANG_WARN_DEPRECATED_OBJC_IMPLEMENTATIONS = YES;
				CLANG_WARN_DIRECT_OBJC_ISA_USAGE = YES_ERROR;
				CLANG_WARN_DOCUMENTATION_COMMENTS = YES;
				CLANG_WARN_EMPTY_BODY = YES;
				CLANG_WARN_ENUM_CONVERSION = YES;
				CLANG_WARN_INFINITE_RECURSION = YES;
				CLANG_WARN_INT_CONVERSION = YES;
				CLANG_WARN_NON_LITERAL_NULL_CONVERSION = YES;
				CLANG_WARN_OBJC_IMPLICIT_RETAIN_SELF = YES;
				CLANG_WARN_OBJC_LITERAL_CONVERSION = YES;
				CLANG_WARN_OBJC_ROOT_CLASS = YES_ERROR;
				CLANG_WARN_QUOTED_INCLUDE_IN_FRAMEWORK_HEADER = YES;
				CLANG_WARN_RANGE_LOOP_ANALYSIS = YES;
				CLANG_WARN_STRICT_PROTOTYPES = YES;
				CLANG_WARN_SUSPICIOUS_MOVE = YES;
				CLANG_WARN_UNGUARDED_AVAILABILITY = YES_AGGRESSIVE;
				CLANG_WARN_UNREACHABLE_CODE = YES;
				CLANG_WARN__DUPLICATE_METHOD_MATCH = YES;
				COPY_PHASE_STRIP = NO;
				DEBUG_INFORMATION_FORMAT = dwarf;
				ENABLE_STRICT_OBJC_MSGSEND = YES;
				ENABLE_TESTABILITY = YES;
				GCC_C_LANGUAGE_STANDARD = gnu11;
				GCC_DYNAMIC_NO_PIC = NO;
				GCC_NO_COMMON_BLOCKS = YES;
				GCC_OPTIMIZATION_LEVEL = 0;
				GCC_PREPROCESSOR_DEFINITIONS = (
					"DEBUG=1",
					"$(inherited)",
				);
				GCC_WARN_64_TO_32_BIT_CONVERSION = YES;
				GCC_WARN_ABOUT_RETURN_TYPE = YES_ERROR;
				GCC_WARN_UNDECLARED_SELECTOR = YES;
				GCC_WARN_UNINITIALIZED_AUTOS = YES_AGGRESSIVE;
				GCC_WARN_UNUSED_FUNCTION = YES;
				GCC_WARN_UNUSED_VARIABLE = YES;
				IPHONEOS_DEPLOYMENT_TARGET = 15.5;
				MTL_ENABLE_DEBUG_INFO = INCLUDE_SOURCE;
				MTL_FAST_MATH = YES;
				ONLY_ACTIVE_ARCH = YES;
				SDKROOT = iphoneos;
				SWIFT_ACTIVE_COMPILATION_CONDITIONS = DEBUG;
				SWIFT_OPTIMIZATION_LEVEL = "-Onone";
			};
			name = Debug;
		};
		C6E310902A8D4AE600943AA5 /* Release */ = {
			isa = XCBuildConfiguration;
			buildSettings = {
				ALWAYS_SEARCH_USER_PATHS = NO;
				CLANG_ANALYZER_NONNULL = YES;
				CLANG_ANALYZER_NUMBER_OBJECT_CONVERSION = YES_AGGRESSIVE;
				CLANG_CXX_LANGUAGE_STANDARD = "gnu++17";
				CLANG_ENABLE_MODULES = YES;
				CLANG_ENABLE_OBJC_ARC = YES;
				CLANG_ENABLE_OBJC_WEAK = YES;
				CLANG_WARN_BLOCK_CAPTURE_AUTORELEASING = YES;
				CLANG_WARN_BOOL_CONVERSION = YES;
				CLANG_WARN_COMMA = YES;
				CLANG_WARN_CONSTANT_CONVERSION = YES;
				CLANG_WARN_DEPRECATED_OBJC_IMPLEMENTATIONS = YES;
				CLANG_WARN_DIRECT_OBJC_ISA_USAGE = YES_ERROR;
				CLANG_WARN_DOCUMENTATION_COMMENTS = YES;
				CLANG_WARN_EMPTY_BODY = YES;
				CLANG_WARN_ENUM_CONVERSION = YES;
				CLANG_WARN_INFINITE_RECURSION = YES;
				CLANG_WARN_INT_CONVERSION = YES;
				CLANG_WARN_NON_LITERAL_NULL_CONVERSION = YES;
				CLANG_WARN_OBJC_IMPLICIT_RETAIN_SELF = YES;
				CLANG_WARN_OBJC_LITERAL_CONVERSION = YES;
				CLANG_WARN_OBJC_ROOT_CLASS = YES_ERROR;
				CLANG_WARN_QUOTED_INCLUDE_IN_FRAMEWORK_HEADER = YES;
				CLANG_WARN_RANGE_LOOP_ANALYSIS = YES;
				CLANG_WARN_STRICT_PROTOTYPES = YES;
				CLANG_WARN_SUSPICIOUS_MOVE = YES;
				CLANG_WARN_UNGUARDED_AVAILABILITY = YES_AGGRESSIVE;
				CLANG_WARN_UNREACHABLE_CODE = YES;
				CLANG_WARN__DUPLICATE_METHOD_MATCH = YES;
				COPY_PHASE_STRIP = NO;
				DEBUG_INFORMATION_FORMAT = "dwarf-with-dsym";
				ENABLE_NS_ASSERTIONS = NO;
				ENABLE_STRICT_OBJC_MSGSEND = YES;
				GCC_C_LANGUAGE_STANDARD = gnu11;
				GCC_NO_COMMON_BLOCKS = YES;
				GCC_WARN_64_TO_32_BIT_CONVERSION = YES;
				GCC_WARN_ABOUT_RETURN_TYPE = YES_ERROR;
				GCC_WARN_UNDECLARED_SELECTOR = YES;
				GCC_WARN_UNINITIALIZED_AUTOS = YES_AGGRESSIVE;
				GCC_WARN_UNUSED_FUNCTION = YES;
				GCC_WARN_UNUSED_VARIABLE = YES;
				IPHONEOS_DEPLOYMENT_TARGET = 15.5;
				MTL_ENABLE_DEBUG_INFO = NO;
				MTL_FAST_MATH = YES;
				SDKROOT = iphoneos;
				SWIFT_COMPILATION_MODE = wholemodule;
				SWIFT_OPTIMIZATION_LEVEL = "-O";
				VALIDATE_PRODUCT = YES;
			};
			name = Release;
		};
		C6E310922A8D4AE600943AA5 /* Debug */ = {
			isa = XCBuildConfiguration;
			buildSettings = {
				ASSETCATALOG_COMPILER_APPICON_NAME = AppIcon;
				ASSETCATALOG_COMPILER_GLOBAL_ACCENT_COLOR_NAME = AccentColor;
				CODE_SIGN_STYLE = Automatic;
				CURRENT_PROJECT_VERSION = 1;
				GENERATE_INFOPLIST_FILE = YES;
				INFOPLIST_FILE = TouristNewsApp/Info.plist;
				INFOPLIST_KEY_UIApplicationSupportsIndirectInputEvents = YES;
				INFOPLIST_KEY_UILaunchStoryboardName = LaunchScreen;
				INFOPLIST_KEY_UISupportedInterfaceOrientations_iPad = "UIInterfaceOrientationPortrait UIInterfaceOrientationPortraitUpsideDown UIInterfaceOrientationLandscapeLeft UIInterfaceOrientationLandscapeRight";
				INFOPLIST_KEY_UISupportedInterfaceOrientations_iPhone = "UIInterfaceOrientationPortrait UIInterfaceOrientationLandscapeLeft UIInterfaceOrientationLandscapeRight";
				LD_RUNPATH_SEARCH_PATHS = (
					"$(inherited)",
					"@executable_path/Frameworks",
				);
				MARKETING_VERSION = 1.0;
				PRODUCT_BUNDLE_IDENTIFIER = com.dash.TouristNewsApp;
				PRODUCT_NAME = "$(TARGET_NAME)";
				SWIFT_EMIT_LOC_STRINGS = YES;
				SWIFT_VERSION = 5.0;
				TARGETED_DEVICE_FAMILY = "1,2";
			};
			name = Debug;
		};
		C6E310932A8D4AE600943AA5 /* Release */ = {
			isa = XCBuildConfiguration;
			buildSettings = {
				ASSETCATALOG_COMPILER_APPICON_NAME = AppIcon;
				ASSETCATALOG_COMPILER_GLOBAL_ACCENT_COLOR_NAME = AccentColor;
				CODE_SIGN_STYLE = Automatic;
				CURRENT_PROJECT_VERSION = 1;
				GENERATE_INFOPLIST_FILE = YES;
				INFOPLIST_FILE = TouristNewsApp/Info.plist;
				INFOPLIST_KEY_UIApplicationSupportsIndirectInputEvents = YES;
				INFOPLIST_KEY_UILaunchStoryboardName = LaunchScreen;
				INFOPLIST_KEY_UISupportedInterfaceOrientations_iPad = "UIInterfaceOrientationPortrait UIInterfaceOrientationPortraitUpsideDown UIInterfaceOrientationLandscapeLeft UIInterfaceOrientationLandscapeRight";
				INFOPLIST_KEY_UISupportedInterfaceOrientations_iPhone = "UIInterfaceOrientationPortrait UIInterfaceOrientationLandscapeLeft UIInterfaceOrientationLandscapeRight";
				LD_RUNPATH_SEARCH_PATHS = (
					"$(inherited)",
					"@executable_path/Frameworks",
				);
				MARKETING_VERSION = 1.0;
				PRODUCT_BUNDLE_IDENTIFIER = com.dash.TouristNewsApp;
				PRODUCT_NAME = "$(TARGET_NAME)";
				SWIFT_EMIT_LOC_STRINGS = YES;
				SWIFT_VERSION = 5.0;
				TARGETED_DEVICE_FAMILY = "1,2";
			};
			name = Release;
		};
		C6E310952A8D4AE600943AA5 /* Debug */ = {
			isa = XCBuildConfiguration;
			buildSettings = {
				ALWAYS_EMBED_SWIFT_STANDARD_LIBRARIES = YES;
				BUNDLE_LOADER = "$(TEST_HOST)";
				CODE_SIGN_STYLE = Automatic;
				CURRENT_PROJECT_VERSION = 1;
				GENERATE_INFOPLIST_FILE = YES;
				IPHONEOS_DEPLOYMENT_TARGET = 15.5;
				MARKETING_VERSION = 1.0;
				PRODUCT_BUNDLE_IDENTIFIER = com.dash.TouristNewsAppTests;
				PRODUCT_NAME = "$(TARGET_NAME)";
				SWIFT_EMIT_LOC_STRINGS = NO;
				SWIFT_VERSION = 5.0;
				TARGETED_DEVICE_FAMILY = "1,2";
				TEST_HOST = "$(BUILT_PRODUCTS_DIR)/TouristNewsApp.app/TouristNewsApp";
			};
			name = Debug;
		};
		C6E310962A8D4AE600943AA5 /* Release */ = {
			isa = XCBuildConfiguration;
			buildSettings = {
				ALWAYS_EMBED_SWIFT_STANDARD_LIBRARIES = YES;
				BUNDLE_LOADER = "$(TEST_HOST)";
				CODE_SIGN_STYLE = Automatic;
				CURRENT_PROJECT_VERSION = 1;
				GENERATE_INFOPLIST_FILE = YES;
				IPHONEOS_DEPLOYMENT_TARGET = 15.5;
				MARKETING_VERSION = 1.0;
				PRODUCT_BUNDLE_IDENTIFIER = com.dash.TouristNewsAppTests;
				PRODUCT_NAME = "$(TARGET_NAME)";
				SWIFT_EMIT_LOC_STRINGS = NO;
				SWIFT_VERSION = 5.0;
				TARGETED_DEVICE_FAMILY = "1,2";
				TEST_HOST = "$(BUILT_PRODUCTS_DIR)/TouristNewsApp.app/TouristNewsApp";
			};
			name = Release;
		};
		C6E310982A8D4AE600943AA5 /* Debug */ = {
			isa = XCBuildConfiguration;
			buildSettings = {
				ALWAYS_EMBED_SWIFT_STANDARD_LIBRARIES = YES;
				CODE_SIGN_STYLE = Automatic;
				CURRENT_PROJECT_VERSION = 1;
				GENERATE_INFOPLIST_FILE = YES;
				MARKETING_VERSION = 1.0;
				PRODUCT_BUNDLE_IDENTIFIER = com.dash.TouristNewsAppUITests;
				PRODUCT_NAME = "$(TARGET_NAME)";
				SWIFT_EMIT_LOC_STRINGS = NO;
				SWIFT_VERSION = 5.0;
				TARGETED_DEVICE_FAMILY = "1,2";
				TEST_TARGET_NAME = TouristNewsApp;
			};
			name = Debug;
		};
		C6E310992A8D4AE600943AA5 /* Release */ = {
			isa = XCBuildConfiguration;
			buildSettings = {
				ALWAYS_EMBED_SWIFT_STANDARD_LIBRARIES = YES;
				CODE_SIGN_STYLE = Automatic;
				CURRENT_PROJECT_VERSION = 1;
				GENERATE_INFOPLIST_FILE = YES;
				MARKETING_VERSION = 1.0;
				PRODUCT_BUNDLE_IDENTIFIER = com.dash.TouristNewsAppUITests;
				PRODUCT_NAME = "$(TARGET_NAME)";
				SWIFT_EMIT_LOC_STRINGS = NO;
				SWIFT_VERSION = 5.0;
				TARGETED_DEVICE_FAMILY = "1,2";
				TEST_TARGET_NAME = TouristNewsApp;
			};
			name = Release;
		};
/* End XCBuildConfiguration section */

/* Begin XCConfigurationList section */
		C6E310622A8D4AE200943AA5 /* Build configuration list for PBXProject "TouristNewsApp" */ = {
			isa = XCConfigurationList;
			buildConfigurations = (
				C6E3108F2A8D4AE600943AA5 /* Debug */,
				C6E310902A8D4AE600943AA5 /* Release */,
			);
			defaultConfigurationIsVisible = 0;
			defaultConfigurationName = Release;
		};
		C6E310912A8D4AE600943AA5 /* Build configuration list for PBXNativeTarget "TouristNewsApp" */ = {
			isa = XCConfigurationList;
			buildConfigurations = (
				C6E310922A8D4AE600943AA5 /* Debug */,
				C6E310932A8D4AE600943AA5 /* Release */,
			);
			defaultConfigurationIsVisible = 0;
			defaultConfigurationName = Release;
		};
		C6E310942A8D4AE600943AA5 /* Build configuration list for PBXNativeTarget "TouristNewsAppTests" */ = {
			isa = XCConfigurationList;
			buildConfigurations = (
				C6E310952A8D4AE600943AA5 /* Debug */,
				C6E310962A8D4AE600943AA5 /* Release */,
			);
			defaultConfigurationIsVisible = 0;
			defaultConfigurationName = Release;
		};
		C6E310972A8D4AE600943AA5 /* Build configuration list for PBXNativeTarget "TouristNewsAppUITests" */ = {
			isa = XCConfigurationList;
			buildConfigurations = (
				C6E310982A8D4AE600943AA5 /* Debug */,
				C6E310992A8D4AE600943AA5 /* Release */,
			);
			defaultConfigurationIsVisible = 0;
			defaultConfigurationName = Release;
		};
/* End XCConfigurationList section */

/* Begin XCVersionGroup section */
		C69913092A8EB7970090E789 /* MyData.xcdatamodeld */ = {
			isa = XCVersionGroup;
			children = (
				C699130A2A8EB7970090E789 /* MyData.xcdatamodel */,
			);
			currentVersion = C699130A2A8EB7970090E789 /* MyData.xcdatamodel */;
			path = MyData.xcdatamodeld;
			sourceTree = "<group>";
			versionGroupType = wrapper.xcdatamodel;
		};
/* End XCVersionGroup section */
	};
	rootObject = C6E3105F2A8D4AE200943AA5 /* Project object */;
}
